
Microsoft Visual Studio Solution File, Format Version 12.00
# Visual Studio Version 17
VisualStudioVersion = 17.0.31903.59
MinimumVisualStudioVersion = 10.0.40219.1
Project("{2150E333-8FDC-42A3-9474-1A3956D46DE8}") = "src", "src", "{827E0CD3-B72D-47B6-A68D-7590B98EB39B}"
EndProject
Project("{2150E333-8FDC-42A3-9474-1A3956D46DE8}") = "Bluestroke", "Bluestroke", "{C91464A3-83EC-4B32-8769-C74DBA93B168}"
EndProject
Project("{FAE04EC0-301F-11D3-BF4B-00C04F79EFBC}") = "Bluestroke", "src\Bluestroke\Bluestroke\Bluestroke.csproj", "{86817D3A-44EA-4FF9-AD3D-F7A398DE4C7C}"
EndProject
Project("{2150E333-8FDC-42A3-9474-1A3956D46DE8}") = "tests", "tests", "{0AB3BF05-4346-4AA6-1389-037BE0695223}"
EndProject
Project("{2150E333-8FDC-42A3-9474-1A3956D46DE8}") = "Bluestroke.Tests", "Bluestroke.Tests", "{21488471-034A-B3E6-425C-F81D464852E8}"
EndProject
Project("{FAE04EC0-301F-11D3-BF4B-00C04F79EFBC}") = "Bluestroke.Tests", "tests\Bluestroke.Tests\Bluestroke.Tests\Bluestroke.Tests.csproj", "{D1AF0E97-7EDB-4DCE-9ADF-1DE7B101DF85}"
EndProject
Global
	GlobalSection(SolutionConfigurationPlatforms) = preSolution
		Debug|Any CPU = Debug|Any CPU
		Debug|x64 = Debug|x64
		Debug|x86 = Debug|x86
		Release|Any CPU = Release|Any CPU
		Release|x64 = Release|x64
		Release|x86 = Release|x86
	EndGlobalSection
	GlobalSection(ProjectConfigurationPlatforms) = postSolution
		{86817D3A-44EA-4FF9-AD3D-F7A398DE4C7C}.Debug|Any CPU.ActiveCfg = Debug|Any CPU
		{86817D3A-44EA-4FF9-AD3D-F7A398DE4C7C}.Debug|Any CPU.Build.0 = Debug|Any CPU
		{86817D3A-44EA-4FF9-AD3D-F7A398DE4C7C}.Debug|x64.ActiveCfg = Debug|Any CPU
		{86817D3A-44EA-4FF9-AD3D-F7A398DE4C7C}.Debug|x64.Build.0 = Debug|Any CPU
		{86817D3A-44EA-4FF9-AD3D-F7A398DE4C7C}.Debug|x86.ActiveCfg = Debug|Any CPU
		{86817D3A-44EA-4FF9-AD3D-F7A398DE4C7C}.Debug|x86.Build.0 = Debug|Any CPU
		{86817D3A-44EA-4FF9-AD3D-F7A398DE4C7C}.Release|Any CPU.ActiveCfg = Release|Any CPU
		{86817D3A-44EA-4FF9-AD3D-F7A398DE4C7C}.Release|Any CPU.Build.0 = Release|Any CPU
		{86817D3A-44EA-4FF9-AD3D-F7A398DE4C7C}.Release|x64.ActiveCfg = Release|Any CPU
		{86817D3A-44EA-4FF9-AD3D-F7A398DE4C7C}.Release|x64.Build.0 = Release|Any CPU
		{86817D3A-44EA-4FF9-AD3D-F7A398DE4C7C}.Release|x86.ActiveCfg = Release|Any CPU
		{86817D3A-44EA-4FF9-AD3D-F7A398DE4C7C}.Release|x86.Build.0 = Release|Any CPU
		{D1AF0E97-7EDB-4DCE-9ADF-1DE7B101DF85}.Debug|Any CPU.ActiveCfg = Debug|Any CPU
		{D1AF0E97-7EDB-4DCE-9ADF-1DE7B101DF85}.Debug|Any CPU.Build.0 = Debug|Any CPU
		{D1AF0E97-7EDB-4DCE-9ADF-1DE7B101DF85}.Debug|x64.ActiveCfg = Debug|Any CPU
		{D1AF0E97-7EDB-4DCE-9ADF-1DE7B101DF85}.Debug|x64.Build.0 = Debug|Any CPU
		{D1AF0E97-7EDB-4DCE-9ADF-1DE7B101DF85}.Debug|x86.ActiveCfg = Debug|Any CPU
		{D1AF0E97-7EDB-4DCE-9ADF-1DE7B101DF85}.Debug|x86.Build.0 = Debug|Any CPU
		{D1AF0E97-7EDB-4DCE-9ADF-1DE7B101DF85}.Release|Any CPU.ActiveCfg = Release|Any CPU
		{D1AF0E97-7EDB-4DCE-9ADF-1DE7B101DF85}.Release|Any CPU.Build.0 = Release|Any CPU
		{D1AF0E97-7EDB-4DCE-9ADF-1DE7B101DF85}.Release|x64.ActiveCfg = Release|Any CPU
		{D1AF0E97-7EDB-4DCE-9ADF-1DE7B101DF85}.Release|x64.Build.0 = Release|Any CPU
		{D1AF0E97-7EDB-4DCE-9ADF-1DE7B101DF85}.Release|x86.ActiveCfg = Release|Any CPU
		{D1AF0E97-7EDB-4DCE-9ADF-1DE7B101DF85}.Release|x86.Build.0 = Release|Any CPU
	EndGlobalSection
	GlobalSection(SolutionProperties) = preSolution
		HideSolutionNode = FALSE
	EndGlobalSection
	GlobalSection(NestedProjects) = preSolution
		{C91464A3-83EC-4B32-8769-C74DBA93B168} = {827E0CD3-B72D-47B6-A68D-7590B98EB39B}
		{86817D3A-44EA-4FF9-AD3D-F7A398DE4C7C} = {C91464A3-83EC-4B32-8769-C74DBA93B168}
		{21488471-034A-B3E6-425C-F81D464852E8} = {0AB3BF05-4346-4AA6-1389-037BE0695223}
		{D1AF0E97-7EDB-4DCE-9ADF-1DE7B101DF85} = {21488471-034A-B3E6-425C-F81D464852E8}
	EndGlobalSection
EndGlobal
